
Microsoft Visual Studio Solution File, Format Version 12.00
# Visual Studio Version 16
VisualStudioVersion = 16.0.30114.105
MinimumVisualStudioVersion = 10.0.40219.1
Project("{2150E333-8FDC-42A3-9474-1A3956D46DE8}") = "src", "src", "{C148F187-E600-4044-8944-2E9E52575B07}"
EndProject
Project("{FAE04EC0-301F-11D3-BF4B-00C04F79EFBC}") = "Gameboard", "src\Gameboard.Api\Gameboard.Api.csproj", "{A2715FCD-D078-4E96-81C3-B833640921C5}"
EndProject
Project("{FAE04EC0-301F-11D3-BF4B-00C04F79EFBC}") = "Gameboard.Tests.Unit", "src\Gameboard.Tests.Unit\Gameboard.Tests.Unit.csproj", "{BAEF960F-857E-4CDA-9D9D-D2F6F1C40E0C}"
EndProject
Global
	GlobalSection(SolutionConfigurationPlatforms) = preSolution
		Debug|Any CPU = Debug|Any CPU
		Debug|x64 = Debug|x64
		Debug|x86 = Debug|x86
		Release|Any CPU = Release|Any CPU
		Release|x64 = Release|x64
		Release|x86 = Release|x86
	EndGlobalSection
	GlobalSection(SolutionProperties) = preSolution
		HideSolutionNode = FALSE
	EndGlobalSection
	GlobalSection(ProjectConfigurationPlatforms) = postSolution
		{A2715FCD-D078-4E96-81C3-B833640921C5}.Debug|Any CPU.ActiveCfg = Debug|Any CPU
		{A2715FCD-D078-4E96-81C3-B833640921C5}.Debug|Any CPU.Build.0 = Debug|Any CPU
		{A2715FCD-D078-4E96-81C3-B833640921C5}.Debug|x64.ActiveCfg = Debug|Any CPU
		{A2715FCD-D078-4E96-81C3-B833640921C5}.Debug|x64.Build.0 = Debug|Any CPU
		{A2715FCD-D078-4E96-81C3-B833640921C5}.Debug|x86.ActiveCfg = Debug|Any CPU
		{A2715FCD-D078-4E96-81C3-B833640921C5}.Debug|x86.Build.0 = Debug|Any CPU
		{A2715FCD-D078-4E96-81C3-B833640921C5}.Release|Any CPU.ActiveCfg = Release|Any CPU
		{A2715FCD-D078-4E96-81C3-B833640921C5}.Release|Any CPU.Build.0 = Release|Any CPU
		{A2715FCD-D078-4E96-81C3-B833640921C5}.Release|x64.ActiveCfg = Release|Any CPU
		{A2715FCD-D078-4E96-81C3-B833640921C5}.Release|x64.Build.0 = Release|Any CPU
		{A2715FCD-D078-4E96-81C3-B833640921C5}.Release|x86.ActiveCfg = Release|Any CPU
		{A2715FCD-D078-4E96-81C3-B833640921C5}.Release|x86.Build.0 = Release|Any CPU
		{BAEF960F-857E-4CDA-9D9D-D2F6F1C40E0C}.Debug|Any CPU.ActiveCfg = Debug|Any CPU
		{BAEF960F-857E-4CDA-9D9D-D2F6F1C40E0C}.Debug|Any CPU.Build.0 = Debug|Any CPU
		{BAEF960F-857E-4CDA-9D9D-D2F6F1C40E0C}.Debug|x64.ActiveCfg = Debug|Any CPU
		{BAEF960F-857E-4CDA-9D9D-D2F6F1C40E0C}.Debug|x64.Build.0 = Debug|Any CPU
		{BAEF960F-857E-4CDA-9D9D-D2F6F1C40E0C}.Debug|x86.ActiveCfg = Debug|Any CPU
		{BAEF960F-857E-4CDA-9D9D-D2F6F1C40E0C}.Debug|x86.Build.0 = Debug|Any CPU
		{BAEF960F-857E-4CDA-9D9D-D2F6F1C40E0C}.Release|Any CPU.ActiveCfg = Release|Any CPU
		{BAEF960F-857E-4CDA-9D9D-D2F6F1C40E0C}.Release|Any CPU.Build.0 = Release|Any CPU
		{BAEF960F-857E-4CDA-9D9D-D2F6F1C40E0C}.Release|x64.ActiveCfg = Release|Any CPU
		{BAEF960F-857E-4CDA-9D9D-D2F6F1C40E0C}.Release|x64.Build.0 = Release|Any CPU
		{BAEF960F-857E-4CDA-9D9D-D2F6F1C40E0C}.Release|x86.ActiveCfg = Release|Any CPU
		{BAEF960F-857E-4CDA-9D9D-D2F6F1C40E0C}.Release|x86.Build.0 = Release|Any CPU
	EndGlobalSection
	GlobalSection(NestedProjects) = preSolution
		{A2715FCD-D078-4E96-81C3-B833640921C5} = {C148F187-E600-4044-8944-2E9E52575B07}
		{BAEF960F-857E-4CDA-9D9D-D2F6F1C40E0C} = {C148F187-E600-4044-8944-2E9E52575B07}
	EndGlobalSection
EndGlobal
