
Microsoft Visual Studio Solution File, Format Version 12.00
# Visual Studio Version 16
VisualStudioVersion = 16.0.30114.105
MinimumVisualStudioVersion = 10.0.40219.1
Project("{2150E333-8FDC-42A3-9474-1A3956D46DE8}") = "src", "src", "{C148F187-E600-4044-8944-2E9E52575B07}"
EndProject
Project("{FAE04EC0-301F-11D3-BF4B-00C04F79EFBC}") = "Gameboard", "src\Gameboard.Api\Gameboard.Api.csproj", "{A2715FCD-D078-4E96-81C3-B833640921C5}"
EndProject
Project("{FAE04EC0-301F-11D3-BF4B-00C04F79EFBC}") = "Gameboard.Api.Tests.Shared", "src\Gameboard.Api.Tests.Shared\Gameboard.Api.Tests.Shared.csproj", "{79462104-DCF9-4F9C-AC60-EA6E9F961EBF}"
EndProject
Project("{FAE04EC0-301F-11D3-BF4B-00C04F79EFBC}") = "Gameboard.Api.Tests.Unit", "src\Gameboard.Api.Tests.Unit\Gameboard.Api.Tests.Unit.csproj", "{6F5F2BB6-AFD0-4935-8A1E-1E68A53E26CC}"
EndProject
Project("{FAE04EC0-301F-11D3-BF4B-00C04F79EFBC}") = "Gameboard.Api.Tests.Integration", "src\Gameboard.Api.Tests.Integration\Gameboard.Api.Tests.Integration.csproj", "{C4A91F95-C5E2-4ACA-BC70-5168E2C565F4}"
EndProject
Project("{FAE04EC0-301F-11D3-BF4B-00C04F79EFBC}") = "Gameboard.Api.GamebrainSchemaGenerator", "src\Gameboard.Api.GamebrainSchemaGenerator\Gameboard.Api.GamebrainSchemaGenerator.csproj", "{405C2A0D-F1D9-4059-9F5A-63D90F3186FF}"
EndProject
Global
	GlobalSection(SolutionConfigurationPlatforms) = preSolution
		Debug|Any CPU = Debug|Any CPU
		Debug|x64 = Debug|x64
		Debug|x86 = Debug|x86
		Release|Any CPU = Release|Any CPU
		Release|x64 = Release|x64
		Release|x86 = Release|x86
	EndGlobalSection
	GlobalSection(SolutionProperties) = preSolution
		HideSolutionNode = FALSE
	EndGlobalSection
	GlobalSection(ProjectConfigurationPlatforms) = postSolution
		{A2715FCD-D078-4E96-81C3-B833640921C5}.Debug|Any CPU.ActiveCfg = Debug|Any CPU
		{A2715FCD-D078-4E96-81C3-B833640921C5}.Debug|Any CPU.Build.0 = Debug|Any CPU
		{A2715FCD-D078-4E96-81C3-B833640921C5}.Debug|x64.ActiveCfg = Debug|Any CPU
		{A2715FCD-D078-4E96-81C3-B833640921C5}.Debug|x64.Build.0 = Debug|Any CPU
		{A2715FCD-D078-4E96-81C3-B833640921C5}.Debug|x86.ActiveCfg = Debug|Any CPU
		{A2715FCD-D078-4E96-81C3-B833640921C5}.Debug|x86.Build.0 = Debug|Any CPU
		{A2715FCD-D078-4E96-81C3-B833640921C5}.Release|Any CPU.ActiveCfg = Release|Any CPU
		{A2715FCD-D078-4E96-81C3-B833640921C5}.Release|Any CPU.Build.0 = Release|Any CPU
		{A2715FCD-D078-4E96-81C3-B833640921C5}.Release|x64.ActiveCfg = Release|Any CPU
		{A2715FCD-D078-4E96-81C3-B833640921C5}.Release|x64.Build.0 = Release|Any CPU
		{A2715FCD-D078-4E96-81C3-B833640921C5}.Release|x86.ActiveCfg = Release|Any CPU
		{A2715FCD-D078-4E96-81C3-B833640921C5}.Release|x86.Build.0 = Release|Any CPU
		{79462104-DCF9-4F9C-AC60-EA6E9F961EBF}.Debug|Any CPU.ActiveCfg = Debug|Any CPU
		{79462104-DCF9-4F9C-AC60-EA6E9F961EBF}.Debug|Any CPU.Build.0 = Debug|Any CPU
		{79462104-DCF9-4F9C-AC60-EA6E9F961EBF}.Debug|x64.ActiveCfg = Debug|Any CPU
		{79462104-DCF9-4F9C-AC60-EA6E9F961EBF}.Debug|x64.Build.0 = Debug|Any CPU
		{79462104-DCF9-4F9C-AC60-EA6E9F961EBF}.Debug|x86.ActiveCfg = Debug|Any CPU
		{79462104-DCF9-4F9C-AC60-EA6E9F961EBF}.Debug|x86.Build.0 = Debug|Any CPU
		{79462104-DCF9-4F9C-AC60-EA6E9F961EBF}.Release|Any CPU.ActiveCfg = Release|Any CPU
		{79462104-DCF9-4F9C-AC60-EA6E9F961EBF}.Release|Any CPU.Build.0 = Release|Any CPU
		{79462104-DCF9-4F9C-AC60-EA6E9F961EBF}.Release|x64.ActiveCfg = Release|Any CPU
		{79462104-DCF9-4F9C-AC60-EA6E9F961EBF}.Release|x64.Build.0 = Release|Any CPU
		{79462104-DCF9-4F9C-AC60-EA6E9F961EBF}.Release|x86.ActiveCfg = Release|Any CPU
		{79462104-DCF9-4F9C-AC60-EA6E9F961EBF}.Release|x86.Build.0 = Release|Any CPU
		{6F5F2BB6-AFD0-4935-8A1E-1E68A53E26CC}.Debug|Any CPU.ActiveCfg = Debug|Any CPU
		{6F5F2BB6-AFD0-4935-8A1E-1E68A53E26CC}.Debug|Any CPU.Build.0 = Debug|Any CPU
		{6F5F2BB6-AFD0-4935-8A1E-1E68A53E26CC}.Debug|x64.ActiveCfg = Debug|Any CPU
		{6F5F2BB6-AFD0-4935-8A1E-1E68A53E26CC}.Debug|x64.Build.0 = Debug|Any CPU
		{6F5F2BB6-AFD0-4935-8A1E-1E68A53E26CC}.Debug|x86.ActiveCfg = Debug|Any CPU
		{6F5F2BB6-AFD0-4935-8A1E-1E68A53E26CC}.Debug|x86.Build.0 = Debug|Any CPU
		{6F5F2BB6-AFD0-4935-8A1E-1E68A53E26CC}.Release|Any CPU.ActiveCfg = Release|Any CPU
		{6F5F2BB6-AFD0-4935-8A1E-1E68A53E26CC}.Release|Any CPU.Build.0 = Release|Any CPU
		{6F5F2BB6-AFD0-4935-8A1E-1E68A53E26CC}.Release|x64.ActiveCfg = Release|Any CPU
		{6F5F2BB6-AFD0-4935-8A1E-1E68A53E26CC}.Release|x64.Build.0 = Release|Any CPU
		{6F5F2BB6-AFD0-4935-8A1E-1E68A53E26CC}.Release|x86.ActiveCfg = Release|Any CPU
		{6F5F2BB6-AFD0-4935-8A1E-1E68A53E26CC}.Release|x86.Build.0 = Release|Any CPU
		{C4A91F95-C5E2-4ACA-BC70-5168E2C565F4}.Debug|Any CPU.ActiveCfg = Debug|Any CPU
		{C4A91F95-C5E2-4ACA-BC70-5168E2C565F4}.Debug|Any CPU.Build.0 = Debug|Any CPU
		{C4A91F95-C5E2-4ACA-BC70-5168E2C565F4}.Debug|x64.ActiveCfg = Debug|Any CPU
		{C4A91F95-C5E2-4ACA-BC70-5168E2C565F4}.Debug|x64.Build.0 = Debug|Any CPU
		{C4A91F95-C5E2-4ACA-BC70-5168E2C565F4}.Debug|x86.ActiveCfg = Debug|Any CPU
		{C4A91F95-C5E2-4ACA-BC70-5168E2C565F4}.Debug|x86.Build.0 = Debug|Any CPU
		{C4A91F95-C5E2-4ACA-BC70-5168E2C565F4}.Release|Any CPU.ActiveCfg = Release|Any CPU
		{C4A91F95-C5E2-4ACA-BC70-5168E2C565F4}.Release|Any CPU.Build.0 = Release|Any CPU
		{C4A91F95-C5E2-4ACA-BC70-5168E2C565F4}.Release|x64.ActiveCfg = Release|Any CPU
		{C4A91F95-C5E2-4ACA-BC70-5168E2C565F4}.Release|x64.Build.0 = Release|Any CPU
		{C4A91F95-C5E2-4ACA-BC70-5168E2C565F4}.Release|x86.ActiveCfg = Release|Any CPU
		{C4A91F95-C5E2-4ACA-BC70-5168E2C565F4}.Release|x86.Build.0 = Release|Any CPU
		{405C2A0D-F1D9-4059-9F5A-63D90F3186FF}.Debug|Any CPU.ActiveCfg = Debug|Any CPU
		{405C2A0D-F1D9-4059-9F5A-63D90F3186FF}.Debug|Any CPU.Build.0 = Debug|Any CPU
		{405C2A0D-F1D9-4059-9F5A-63D90F3186FF}.Debug|x64.ActiveCfg = Debug|Any CPU
		{405C2A0D-F1D9-4059-9F5A-63D90F3186FF}.Debug|x64.Build.0 = Debug|Any CPU
		{405C2A0D-F1D9-4059-9F5A-63D90F3186FF}.Debug|x86.ActiveCfg = Debug|Any CPU
		{405C2A0D-F1D9-4059-9F5A-63D90F3186FF}.Debug|x86.Build.0 = Debug|Any CPU
		{405C2A0D-F1D9-4059-9F5A-63D90F3186FF}.Release|Any CPU.ActiveCfg = Release|Any CPU
		{405C2A0D-F1D9-4059-9F5A-63D90F3186FF}.Release|Any CPU.Build.0 = Release|Any CPU
		{405C2A0D-F1D9-4059-9F5A-63D90F3186FF}.Release|x64.ActiveCfg = Release|Any CPU
		{405C2A0D-F1D9-4059-9F5A-63D90F3186FF}.Release|x64.Build.0 = Release|Any CPU
		{405C2A0D-F1D9-4059-9F5A-63D90F3186FF}.Release|x86.ActiveCfg = Release|Any CPU
		{405C2A0D-F1D9-4059-9F5A-63D90F3186FF}.Release|x86.Build.0 = Release|Any CPU
	EndGlobalSection
	GlobalSection(NestedProjects) = preSolution
		{A2715FCD-D078-4E96-81C3-B833640921C5} = {C148F187-E600-4044-8944-2E9E52575B07}
		{79462104-DCF9-4F9C-AC60-EA6E9F961EBF} = {C148F187-E600-4044-8944-2E9E52575B07}
		{6F5F2BB6-AFD0-4935-8A1E-1E68A53E26CC} = {C148F187-E600-4044-8944-2E9E52575B07}
		{C4A91F95-C5E2-4ACA-BC70-5168E2C565F4} = {C148F187-E600-4044-8944-2E9E52575B07}
		{405C2A0D-F1D9-4059-9F5A-63D90F3186FF} = {C148F187-E600-4044-8944-2E9E52575B07}
	EndGlobalSection
EndGlobal
