
Microsoft Visual Studio Solution File, Format Version 12.00
# Visual Studio Version 17
VisualStudioVersion = 17.0.31903.59
MinimumVisualStudioVersion = 10.0.40219.1
Project("{FAE04EC0-301F-11D3-BF4B-00C04F79EFBC}") = "Gameboard.Api", "Gameboard.Api\Gameboard.Api.csproj", "{5D9BEF4C-EBD0-4162-830F-973DDE1BE015}"
EndProject
Project("{FAE04EC0-301F-11D3-BF4B-00C04F79EFBC}") = "Gameboard.Api.Tests.Integration", "Gameboard.Api.Tests.Integration\Gameboard.Api.Tests.Integration.csproj", "{070C449A-E6F3-4AEF-8405-8227CE9741E8}"
EndProject
Project("{FAE04EC0-301F-11D3-BF4B-00C04F79EFBC}") = "Gameboard.Api.Tests.Unit", "Gameboard.Api.Tests.Unit\Gameboard.Api.Tests.Unit.csproj", "{ED488368-1E44-445D-80DE-89A01D8B0351}"
EndProject
Project("{FAE04EC0-301F-11D3-BF4B-00C04F79EFBC}") = "Gameboard.Api.Tests.Shared", "Gameboard.Api.Tests.Shared\Gameboard.Api.Tests.Shared.csproj", "{E7F5E3A9-2B06-4C63-A0B7-5A031B65F45D}"
EndProject
Global
	GlobalSection(SolutionConfigurationPlatforms) = preSolution
		Debug|Any CPU = Debug|Any CPU
		Release|Any CPU = Release|Any CPU
	EndGlobalSection
	GlobalSection(SolutionProperties) = preSolution
		HideSolutionNode = FALSE
	EndGlobalSection
	GlobalSection(ProjectConfigurationPlatforms) = postSolution
		{5D9BEF4C-EBD0-4162-830F-973DDE1BE015}.Debug|Any CPU.ActiveCfg = Debug|Any CPU
		{5D9BEF4C-EBD0-4162-830F-973DDE1BE015}.Debug|Any CPU.Build.0 = Debug|Any CPU
		{5D9BEF4C-EBD0-4162-830F-973DDE1BE015}.Release|Any CPU.ActiveCfg = Release|Any CPU
		{5D9BEF4C-EBD0-4162-830F-973DDE1BE015}.Release|Any CPU.Build.0 = Release|Any CPU
		{070C449A-E6F3-4AEF-8405-8227CE9741E8}.Debug|Any CPU.ActiveCfg = Debug|Any CPU
		{070C449A-E6F3-4AEF-8405-8227CE9741E8}.Debug|Any CPU.Build.0 = Debug|Any CPU
		{070C449A-E6F3-4AEF-8405-8227CE9741E8}.Release|Any CPU.ActiveCfg = Release|Any CPU
		{070C449A-E6F3-4AEF-8405-8227CE9741E8}.Release|Any CPU.Build.0 = Release|Any CPU
		{ED488368-1E44-445D-80DE-89A01D8B0351}.Debug|Any CPU.ActiveCfg = Debug|Any CPU
		{ED488368-1E44-445D-80DE-89A01D8B0351}.Debug|Any CPU.Build.0 = Debug|Any CPU
		{ED488368-1E44-445D-80DE-89A01D8B0351}.Release|Any CPU.ActiveCfg = Release|Any CPU
		{ED488368-1E44-445D-80DE-89A01D8B0351}.Release|Any CPU.Build.0 = Release|Any CPU
		{E7F5E3A9-2B06-4C63-A0B7-5A031B65F45D}.Debug|Any CPU.ActiveCfg = Debug|Any CPU
		{E7F5E3A9-2B06-4C63-A0B7-5A031B65F45D}.Debug|Any CPU.Build.0 = Debug|Any CPU
		{E7F5E3A9-2B06-4C63-A0B7-5A031B65F45D}.Release|Any CPU.ActiveCfg = Release|Any CPU
		{E7F5E3A9-2B06-4C63-A0B7-5A031B65F45D}.Release|Any CPU.Build.0 = Release|Any CPU
	EndGlobalSection
EndGlobal
